
Microsoft Visual Studio Solution File, Format Version 12.00
# Visual Studio Version 16
VisualStudioVersion = 16.0.31424.327
MinimumVisualStudioVersion = 10.0.40219.1
Project("{9A19103F-16F7-4668-BE54-9A1E7A4F7556}") = "AcademyTask", "AcademyTask\AcademyTask.csproj", "{EBE69906-766E-484B-AEB7-83170090E26C}"
EndProject
Project("{FAE04EC0-301F-11D3-BF4B-00C04F79EFBC}") = "Tests", "Tests\Tests.csproj", "{293E4DCB-D0AC-45C0-9C69-7FDF03A2C35E}"
EndProject
Global
	GlobalSection(SolutionConfigurationPlatforms) = preSolution
		Debug|Any CPU = Debug|Any CPU
		Release|Any CPU = Release|Any CPU
	EndGlobalSection
	GlobalSection(ProjectConfigurationPlatforms) = postSolution
		{EBE69906-766E-484B-AEB7-83170090E26C}.Debug|Any CPU.ActiveCfg = Debug|Any CPU
		{EBE69906-766E-484B-AEB7-83170090E26C}.Debug|Any CPU.Build.0 = Debug|Any CPU
		{EBE69906-766E-484B-AEB7-83170090E26C}.Release|Any CPU.ActiveCfg = Release|Any CPU
		{EBE69906-766E-484B-AEB7-83170090E26C}.Release|Any CPU.Build.0 = Release|Any CPU
		{293E4DCB-D0AC-45C0-9C69-7FDF03A2C35E}.Debug|Any CPU.ActiveCfg = Debug|Any CPU
		{293E4DCB-D0AC-45C0-9C69-7FDF03A2C35E}.Debug|Any CPU.Build.0 = Debug|Any CPU
		{293E4DCB-D0AC-45C0-9C69-7FDF03A2C35E}.Release|Any CPU.ActiveCfg = Release|Any CPU
		{293E4DCB-D0AC-45C0-9C69-7FDF03A2C35E}.Release|Any CPU.Build.0 = Release|Any CPU
	EndGlobalSection
	GlobalSection(SolutionProperties) = preSolution
		HideSolutionNode = FALSE
	EndGlobalSection
	GlobalSection(ExtensibilityGlobals) = postSolution
		SolutionGuid = {2D9CB0CA-7069-48EB-8F44-C731587C95AF}
	EndGlobalSection
EndGlobal
